
Microsoft Visual Studio Solution File, Format Version 12.00
# Visual Studio Version 17
VisualStudioVersion = 17.13.35931.197
MinimumVisualStudioVersion = 10.0.40219.1
Project("{FAE04EC0-301F-11D3-BF4B-00C04F79EFBC}") = "GRIF", "GRIF.csproj", "{7CAB2D20-1640-41CE-87CF-B7BA5218AC68}"
EndProject
Global
	GlobalSection(SolutionConfigurationPlatforms) = preSolution
		Debug|Any CPU = Debug|Any CPU
		Release|Any CPU = Release|Any CPU
	EndGlobalSection
	GlobalSection(ProjectConfigurationPlatforms) = postSolution
		{7CAB2D20-1640-41CE-87CF-B7BA5218AC68}.Debug|Any CPU.ActiveCfg = Debug|Any CPU
		{7CAB2D20-1640-41CE-87CF-B7BA5218AC68}.Debug|Any CPU.Build.0 = Debug|Any CPU
		{7CAB2D20-1640-41CE-87CF-B7BA5218AC68}.Release|Any CPU.ActiveCfg = Release|Any CPU
		{7CAB2D20-1640-41CE-87CF-B7BA5218AC68}.Release|Any CPU.Build.0 = Release|Any CPU
	EndGlobalSection
	GlobalSection(SolutionProperties) = preSolution
		HideSolutionNode = FALSE
	EndGlobalSection
	GlobalSection(ExtensibilityGlobals) = postSolution
		SolutionGuid = {B32EF54A-8036-4416-A2B6-57F82EE98D98}
	EndGlobalSection
EndGlobal
